
Microsoft Visual Studio Solution File, Format Version 12.00
# Visual Studio 2013
VisualStudioVersion = 12.0.40629.0
MinimumVisualStudioVersion = 10.0.40219.1
Project("{FAE04EC0-301F-11D3-BF4B-00C04F79EFBC}") = "Infrastructure", "Infrastructure\Infrastructure.csproj", "{B641CAA3-6693-48D0-8AB3-BC3777288E22}"
EndProject
Project("{FAE04EC0-301F-11D3-BF4B-00C04F79EFBC}") = "Domain", "Domain\Domain.csproj", "{B93B1599-B5F7-4589-A826-FCE02E1D9F83}"
EndProject
Project("{FAE04EC0-301F-11D3-BF4B-00C04F79EFBC}") = "Repository", "Repository\Repository.csproj", "{B2CB5553-2969-4CDC-985B-017E35F919A5}"
EndProject
Project("{FAE04EC0-301F-11D3-BF4B-00C04F79EFBC}") = "UnitTest", "UnitTest\UnitTest.csproj", "{8E9F31DF-4DC5-4D97-99DD-FCD044EE2C70}"
EndProject
Project("{FAE04EC0-301F-11D3-BF4B-00C04F79EFBC}") = "Website", "Website\Website.csproj", "{85D99F23-1D77-4A64-857E-549D382256D2}"
EndProject
Project("{2150E333-8FDC-42A3-9474-1A3956D46DE8}") = ".nuget", ".nuget", "{6041C7E3-C4DA-495A-9189-149677F89E6F}"
	ProjectSection(SolutionItems) = preProject
		.nuget\packages.config = .nuget\packages.config
	EndProjectSection
EndProject
Global
	GlobalSection(SolutionConfigurationPlatforms) = preSolution
		Debug|Any CPU = Debug|Any CPU
		Release|Any CPU = Release|Any CPU
	EndGlobalSection
	GlobalSection(ProjectConfigurationPlatforms) = postSolution
		{B641CAA3-6693-48D0-8AB3-BC3777288E22}.Debug|Any CPU.ActiveCfg = Debug|Any CPU
		{B641CAA3-6693-48D0-8AB3-BC3777288E22}.Debug|Any CPU.Build.0 = Debug|Any CPU
		{B641CAA3-6693-48D0-8AB3-BC3777288E22}.Release|Any CPU.ActiveCfg = Release|Any CPU
		{B641CAA3-6693-48D0-8AB3-BC3777288E22}.Release|Any CPU.Build.0 = Release|Any CPU
		{B93B1599-B5F7-4589-A826-FCE02E1D9F83}.Debug|Any CPU.ActiveCfg = Debug|Any CPU
		{B93B1599-B5F7-4589-A826-FCE02E1D9F83}.Debug|Any CPU.Build.0 = Debug|Any CPU
		{B93B1599-B5F7-4589-A826-FCE02E1D9F83}.Release|Any CPU.ActiveCfg = Release|Any CPU
		{B93B1599-B5F7-4589-A826-FCE02E1D9F83}.Release|Any CPU.Build.0 = Release|Any CPU
		{B2CB5553-2969-4CDC-985B-017E35F919A5}.Debug|Any CPU.ActiveCfg = Debug|Any CPU
		{B2CB5553-2969-4CDC-985B-017E35F919A5}.Debug|Any CPU.Build.0 = Debug|Any CPU
		{B2CB5553-2969-4CDC-985B-017E35F919A5}.Release|Any CPU.ActiveCfg = Release|Any CPU
		{B2CB5553-2969-4CDC-985B-017E35F919A5}.Release|Any CPU.Build.0 = Release|Any CPU
		{8E9F31DF-4DC5-4D97-99DD-FCD044EE2C70}.Debug|Any CPU.ActiveCfg = Debug|Any CPU
		{8E9F31DF-4DC5-4D97-99DD-FCD044EE2C70}.Debug|Any CPU.Build.0 = Debug|Any CPU
		{8E9F31DF-4DC5-4D97-99DD-FCD044EE2C70}.Release|Any CPU.ActiveCfg = Release|Any CPU
		{8E9F31DF-4DC5-4D97-99DD-FCD044EE2C70}.Release|Any CPU.Build.0 = Release|Any CPU
		{85D99F23-1D77-4A64-857E-549D382256D2}.Debug|Any CPU.ActiveCfg = Debug|Any CPU
		{85D99F23-1D77-4A64-857E-549D382256D2}.Debug|Any CPU.Build.0 = Debug|Any CPU
		{85D99F23-1D77-4A64-857E-549D382256D2}.Release|Any CPU.ActiveCfg = Release|Any CPU
		{85D99F23-1D77-4A64-857E-549D382256D2}.Release|Any CPU.Build.0 = Release|Any CPU
	EndGlobalSection
	GlobalSection(SolutionProperties) = preSolution
		HideSolutionNode = FALSE
	EndGlobalSection
EndGlobal
